github.com/coreos/go-systemd/v22 v22.6.0 h1:aGVa/v8B7hpb0TKl0MWoAavPDmHvobFe5R5zn0bCJWo=
github.com/coreos/go-systemd/v22 v22.6.0/go.mod h1:iG+pp635Fo7ZmV/j14KUcmEyWF+0X7Lua8rrTWzYgWU=
github.com/elnormous/contenttype v1.0.4 h1:FjmVNkvQOGqSX70yvocph7keC8DtmJaLzTTq6ZOQCI8=
github.com/elnormous/contenttype v1.0.4/go.mod h1:5KTOW8m1kdX1dLMiUJeN9szzR2xkngiv2K+RVZwWBbI=
github.com/godbus/dbus/v5 v5.1.0 h1:4KLkAxT3aOY8Li4FRJe/KvhoNFFxo0m6fNuFUO8QJUk=
github.com/godbus/dbus/v5 v5.1.0/go.mod h1:xhWf0FNVPg57R7Z0UbKHbJfkEywrmjJnf7w5xrFpKfA=
