bitbucket.org/ww/goautoneg v0.0.0-20120707110453-75cd24fc2f2c h1:t+Ra932MCC0eeyD/vigXqMbZTzgZjd4JOfBJWC6VSMI=
bitbucket.org/ww/goautoneg v0.0.0-20120707110453-75cd24fc2f2c/go.mod h1:1vhO7Mn/FZMgOgDVGLy5X1mE6rq1HbkBdkF/yj8zkcg=
github.com/coreos/go-systemd v0.0.0-20181031085051-9002847aa142 h1:3jFq2xL4ZajGK4aZY8jz+DAF0FHjI51BXjjSwCzS1Dk=
github.com/coreos/go-systemd v0.0.0-20181031085051-9002847aa142/go.mod h1:F5haX7vjVVG0kc13fIWeqUViNPyEJxv/OmvnBo0Yme4=
github.com/godbus/dbus v0.0.0-20181101234600-2ff6f7ffd60f h1:zlOR3rOlPAVvtfuxGKoghCmop5B0TRyu/ZieziZuGiM=
github.com/godbus/dbus v0.0.0-20181101234600-2ff6f7ffd60f/go.mod h1:/YcGZj5zSblfDWMMoOzV4fas9FZnQYTkDnsGvmh2Grw=
