# This file is autogenerated, do not edit; changes may be undone by the next 'dep ensure'.


[[projects]]
  branch = "system-state"
  name = "github.com/coreos/go-systemd"
  packages = ["dbus"]
  revision = "de1f720bc1b49faac8ae481d2275ff2aec6b0e84"
  source = "github.com/arnested/go-systemd"

[[projects]]
  name = "github.com/godbus/dbus"
  packages = ["."]
  revision = "a389bdde4dd695d414e47b755e95e72b7826432c"
  version = "v4.1.0"

[solve-meta]
  analyzer-name = "dep"
  analyzer-version = 1
  inputs-digest = "dfd7dd8a68bf5b4f9719c2f1fd006898153b473f315a7e786d75f6a7eaf017c2"
  solver-name = "gps-cdcl"
  solver-version = 1
